
Microsoft Visual Studio Solution File, Format Version 12.00
# Visual Studio Version 17
VisualStudioVersion = 17.9.34607.119
MinimumVisualStudioVersion = 10.0.40219.1
Project("{9A19103F-16F7-4668-BE54-9A1E7A4F7556}") = "Physics Engine", "Physics Engine.csproj", "{02E13917-703C-4736-A034-9EA819AA5098}"
EndProject
Global
	GlobalSection(SolutionConfigurationPlatforms) = preSolution
		Debug|Any CPU = Debug|Any CPU
		Release|Any CPU = Release|Any CPU
	EndGlobalSection
	GlobalSection(ProjectConfigurationPlatforms) = postSolution
		{02E13917-703C-4736-A034-9EA819AA5098}.Debug|Any CPU.ActiveCfg = Debug|Any CPU
		{02E13917-703C-4736-A034-9EA819AA5098}.Debug|Any CPU.Build.0 = Debug|Any CPU
		{02E13917-703C-4736-A034-9EA819AA5098}.Release|Any CPU.ActiveCfg = Release|Any CPU
		{02E13917-703C-4736-A034-9EA819AA5098}.Release|Any CPU.Build.0 = Release|Any CPU
	EndGlobalSection
	GlobalSection(SolutionProperties) = preSolution
		HideSolutionNode = FALSE
	EndGlobalSection
	GlobalSection(ExtensibilityGlobals) = postSolution
		SolutionGuid = {18E119BD-C9D5-49A6-B73A-520825CF3847}
	EndGlobalSection
EndGlobal
